
Microsoft Visual Studio Solution File, Format Version 12.00
# Visual Studio 15
VisualStudioVersion = 15.0.28307.168
MinimumVisualStudioVersion = 10.0.40219.1
Project("{8BC9CEB8-8B4A-11D0-8D11-00A0C91BC942}") = "Arkanoid01", "Arkanoid01\Arkanoid01.vcxproj", "{119ED64E-804C-4BF1-8CE8-0FF9F1917F73}"
EndProject
Global
	GlobalSection(SolutionConfigurationPlatforms) = preSolution
		Debug|x64 = Debug|x64
		Debug|x86 = Debug|x86
		Release|x64 = Release|x64
		Release|x86 = Release|x86
	EndGlobalSection
	GlobalSection(ProjectConfigurationPlatforms) = postSolution
		{119ED64E-804C-4BF1-8CE8-0FF9F1917F73}.Debug|x64.ActiveCfg = Debug|x64
		{119ED64E-804C-4BF1-8CE8-0FF9F1917F73}.Debug|x64.Build.0 = Debug|x64
		{119ED64E-804C-4BF1-8CE8-0FF9F1917F73}.Debug|x86.ActiveCfg = Debug|Win32
		{119ED64E-804C-4BF1-8CE8-0FF9F1917F73}.Debug|x86.Build.0 = Debug|Win32
		{119ED64E-804C-4BF1-8CE8-0FF9F1917F73}.Release|x64.ActiveCfg = Release|x64
		{119ED64E-804C-4BF1-8CE8-0FF9F1917F73}.Release|x64.Build.0 = Release|x64
		{119ED64E-804C-4BF1-8CE8-0FF9F1917F73}.Release|x86.ActiveCfg = Release|Win32
		{119ED64E-804C-4BF1-8CE8-0FF9F1917F73}.Release|x86.Build.0 = Release|Win32
	EndGlobalSection
	GlobalSection(SolutionProperties) = preSolution
		HideSolutionNode = FALSE
	EndGlobalSection
	GlobalSection(ExtensibilityGlobals) = postSolution
		SolutionGuid = {8FFFB3DC-0AAA-4F06-AE5F-48095BCEE7D2}
	EndGlobalSection
EndGlobal
